// !$*UTF8*$!
{
	archiveVersion = 1;
	classes = {
	};
	objectVersion = 55;
	objects = {

/* Begin PBXBuildFile section */
		00236E4F3F72CD5811249D62 /* Pods_MovieApp.framework in Frameworks */ = {isa = PBXBuildFile; fileRef = 076FD47AE69456E867615D3A /* Pods_MovieApp.framework */; };
		6334463E291AC517006A8D3C /* DataProvider.framework in Frameworks */ = {isa = PBXBuildFile; fileRef = 6334463D291AC517006A8D3C /* DataProvider.framework */; };
		63344647291AC55B006A8D3C /* BuildFile in Embed Frameworks */ = {isa = PBXBuildFile; settings = {ATTRIBUTES = (CodeSignOnCopy, RemoveHeadersOnCopy, ); }; };
		63344671291BC0DA006A8D3C /* Utilities.framework in Frameworks */ = {isa = PBXBuildFile; fileRef = 63344670291BC0DA006A8D3C /* Utilities.framework */; };
		634783A3291C155D004AEEE7 /* UIComponents.framework in Frameworks */ = {isa = PBXBuildFile; fileRef = 634783A2291C155D004AEEE7 /* UIComponents.framework */; };
		634783FA291CE3B5004AEEE7 /* BaseViewModel.swift in Sources */ = {isa = PBXBuildFile; fileRef = 634783F9291CE3B5004AEEE7 /* BaseViewModel.swift */; };
		634783FD291CE3F4004AEEE7 /* ModalNavigationController.swift in Sources */ = {isa = PBXBuildFile; fileRef = 634783FC291CE3F4004AEEE7 /* ModalNavigationController.swift */; };
		634783FF291CE40A004AEEE7 /* CleanNavigationController.swift in Sources */ = {isa = PBXBuildFile; fileRef = 634783FE291CE40A004AEEE7 /* CleanNavigationController.swift */; };
		63478401291CE41C004AEEE7 /* BaseNavigationController.swift in Sources */ = {isa = PBXBuildFile; fileRef = 63478400291CE41C004AEEE7 /* BaseNavigationController.swift */; };
		63478404291CE44E004AEEE7 /* BaseViewController.swift in Sources */ = {isa = PBXBuildFile; fileRef = 63478403291CE44E004AEEE7 /* BaseViewController.swift */; };
		63478413291CE5AC004AEEE7 /* Animator.swift in Sources */ = {isa = PBXBuildFile; fileRef = 63478412291CE5AC004AEEE7 /* Animator.swift */; };
		63478415291CE5BE004AEEE7 /* Router.swift in Sources */ = {isa = PBXBuildFile; fileRef = 63478414291CE5BE004AEEE7 /* Router.swift */; };
		63478417291CE5D8004AEEE7 /* ModalTransition.swift in Sources */ = {isa = PBXBuildFile; fileRef = 63478416291CE5D8004AEEE7 /* ModalTransition.swift */; };
		63478419291CE5EC004AEEE7 /* SetRootViewControllerTransition.swift in Sources */ = {isa = PBXBuildFile; fileRef = 63478418291CE5EC004AEEE7 /* SetRootViewControllerTransition.swift */; };
		6347841B291CE602004AEEE7 /* PlaceOnWindow.swift in Sources */ = {isa = PBXBuildFile; fileRef = 6347841A291CE602004AEEE7 /* PlaceOnWindow.swift */; };
		6347841D291CE632004AEEE7 /* Transition.swift in Sources */ = {isa = PBXBuildFile; fileRef = 6347841C291CE632004AEEE7 /* Transition.swift */; };
		6347841F291CE642004AEEE7 /* PushTransition.swift in Sources */ = {isa = PBXBuildFile; fileRef = 6347841E291CE642004AEEE7 /* PushTransition.swift */; };
		63478421291CE65E004AEEE7 /* PopToBack.swift in Sources */ = {isa = PBXBuildFile; fileRef = 63478420291CE65E004AEEE7 /* PopToBack.swift */; };
		63478423291CE66F004AEEE7 /* AppRouter.swift in Sources */ = {isa = PBXBuildFile; fileRef = 63478422291CE66F004AEEE7 /* AppRouter.swift */; };
		63478425291CE67D004AEEE7 /* PopToViewController.swift in Sources */ = {isa = PBXBuildFile; fileRef = 63478424291CE67D004AEEE7 /* PopToViewController.swift */; };
		63478427291CE68E004AEEE7 /* DismissableRoute.swift in Sources */ = {isa = PBXBuildFile; fileRef = 63478426291CE68E004AEEE7 /* DismissableRoute.swift */; };
		63478429291CE6A0004AEEE7 /* PopToRoute.swift in Sources */ = {isa = PBXBuildFile; fileRef = 63478428291CE6A0004AEEE7 /* PopToRoute.swift */; };
		6347842C291CE6EA004AEEE7 /* DataProvider.swift in Sources */ = {isa = PBXBuildFile; fileRef = 6347842B291CE6EA004AEEE7 /* DataProvider.swift */; };
		6347842E291CE704004AEEE7 /* APIRequestInterceptor.swift in Sources */ = {isa = PBXBuildFile; fileRef = 6347842D291CE704004AEEE7 /* APIRequestInterceptor.swift */; };
		63478430291CE713004AEEE7 /* APILogger.swift in Sources */ = {isa = PBXBuildFile; fileRef = 6347842F291CE713004AEEE7 /* APILogger.swift */; };
		63478441291D9298004AEEE7 /* HomeRouter.swift in Sources */ = {isa = PBXBuildFile; fileRef = 6347843E291D9298004AEEE7 /* HomeRouter.swift */; };
		63478442291D9298004AEEE7 /* HomeViewController.swift in Sources */ = {isa = PBXBuildFile; fileRef = 6347843F291D9298004AEEE7 /* HomeViewController.swift */; };
		63478443291D9298004AEEE7 /* HomeViewModel.swift in Sources */ = {isa = PBXBuildFile; fileRef = 63478440291D9298004AEEE7 /* HomeViewModel.swift */; };
		63478445291D92E3004AEEE7 /* HomeRoute.swift in Sources */ = {isa = PBXBuildFile; fileRef = 63478444291D92E3004AEEE7 /* HomeRoute.swift */; };
		63478450291EC19D004AEEE7 /* MovieDetailRouter.swift in Sources */ = {isa = PBXBuildFile; fileRef = 6347844D291EC19D004AEEE7 /* MovieDetailRouter.swift */; };
		63478451291EC19D004AEEE7 /* MovieDetailViewController.swift in Sources */ = {isa = PBXBuildFile; fileRef = 6347844E291EC19D004AEEE7 /* MovieDetailViewController.swift */; };
		63478452291EC19D004AEEE7 /* MovieDetailViewModel.swift in Sources */ = {isa = PBXBuildFile; fileRef = 6347844F291EC19D004AEEE7 /* MovieDetailViewModel.swift */; };
		63478456291EC1FE004AEEE7 /* MovieDetailRoute.swift in Sources */ = {isa = PBXBuildFile; fileRef = 63478455291EC1FE004AEEE7 /* MovieDetailRoute.swift */; };
		63BA7E26291AC41F003EE72C /* AppDelegate.swift in Sources */ = {isa = PBXBuildFile; fileRef = 63BA7E25291AC41F003EE72C /* AppDelegate.swift */; };
		63BA7E2F291AC420003EE72C /* Assets.xcassets in Resources */ = {isa = PBXBuildFile; fileRef = 63BA7E2E291AC420003EE72C /* Assets.xcassets */; };
		63BA7E32291AC420003EE72C /* LaunchScreen.storyboard in Resources */ = {isa = PBXBuildFile; fileRef = 63BA7E30291AC420003EE72C /* LaunchScreen.storyboard */; };
		63E6A5F129202D1C000C1DCA /* MovieCellModel+Extentions.swift in Sources */ = {isa = PBXBuildFile; fileRef = 63E6A5F029202D1C000C1DCA /* MovieCellModel+Extentions.swift */; };
		63E6A5F6292115FF000C1DCA /* SplashRouter.swift in Sources */ = {isa = PBXBuildFile; fileRef = 63E6A5F3292115FF000C1DCA /* SplashRouter.swift */; };
		63E6A5F7292115FF000C1DCA /* SplashViewController.swift in Sources */ = {isa = PBXBuildFile; fileRef = 63E6A5F4292115FF000C1DCA /* SplashViewController.swift */; };
		63E6A5F8292115FF000C1DCA /* SplashViewModel.swift in Sources */ = {isa = PBXBuildFile; fileRef = 63E6A5F5292115FF000C1DCA /* SplashViewModel.swift */; };
		63E6A5FA29211628000C1DCA /* SplashRoute.swift in Sources */ = {isa = PBXBuildFile; fileRef = 63E6A5F929211628000C1DCA /* SplashRoute.swift */; };
		63E6A5FD29216AAE000C1DCA /* UIViewController+Extentions.swift in Sources */ = {isa = PBXBuildFile; fileRef = 63E6A5FC29216AAE000C1DCA /* UIViewController+Extentions.swift */; };
		63E6A6082922C456000C1DCA /* AllMoviesRouter.swift in Sources */ = {isa = PBXBuildFile; fileRef = 63E6A6052922C456000C1DCA /* AllMoviesRouter.swift */; };
		63E6A6092922C456000C1DCA /* AllMoviesViewController.swift in Sources */ = {isa = PBXBuildFile; fileRef = 63E6A6062922C456000C1DCA /* AllMoviesViewController.swift */; };
		63E6A60A2922C456000C1DCA /* AllMoviesViewModel.swift in Sources */ = {isa = PBXBuildFile; fileRef = 63E6A6072922C456000C1DCA /* AllMoviesViewModel.swift */; };
		63E6A60C2922C468000C1DCA /* AllMoviesRoute.swift in Sources */ = {isa = PBXBuildFile; fileRef = 63E6A60B2922C468000C1DCA /* AllMoviesRoute.swift */; };
/* End PBXBuildFile section */

/* Begin PBXContainerItemProxy section */
		63BA7E39291AC420003EE72C /* PBXContainerItemProxy */ = {
			isa = PBXContainerItemProxy;
			containerPortal = 63BA7E1A291AC41F003EE72C /* Project object */;
			proxyType = 1;
			remoteGlobalIDString = 63BA7E21291AC41F003EE72C;
			remoteInfo = SercanMobs;
		};
		63BA7E43291AC420003EE72C /* PBXContainerItemProxy */ = {
			isa = PBXContainerItemProxy;
			containerPortal = 63BA7E1A291AC41F003EE72C /* Project object */;
			proxyType = 1;
			remoteGlobalIDString = 63BA7E21291AC41F003EE72C;
			remoteInfo = SercanMobs;
		};
/* End PBXContainerItemProxy section */

/* Begin PBXCopyFilesBuildPhase section */
		63344648291AC55B006A8D3C /* Embed Frameworks */ = {
			isa = PBXCopyFilesBuildPhase;
			buildActionMask = 2147483647;
			dstPath = "";
			dstSubfolderSpec = 10;
			files = (
				63344647291AC55B006A8D3C /* BuildFile in Embed Frameworks */,
			);
			name = "Embed Frameworks";
			runOnlyForDeploymentPostprocessing = 0;
		};
/* End PBXCopyFilesBuildPhase section */

/* Begin PBXFileReference section */
		076FD47AE69456E867615D3A /* Pods_MovieApp.framework */ = {isa = PBXFileReference; explicitFileType = wrapper.framework; includeInIndex = 0; path = Pods_MovieApp.framework; sourceTree = BUILT_PRODUCTS_DIR; };
		6334463D291AC517006A8D3C /* DataProvider.framework */ = {isa = PBXFileReference; explicitFileType = wrapper.framework; path = DataProvider.framework; sourceTree = BUILT_PRODUCTS_DIR; };
		63344643291AC527006A8D3C /* UICompanents.framework */ = {isa = PBXFileReference; explicitFileType = wrapper.framework; path = UICompanents.framework; sourceTree = BUILT_PRODUCTS_DIR; };
		63344649291AC564006A8D3C /* Utilitilies.framework */ = {isa = PBXFileReference; explicitFileType = wrapper.framework; path = Utilitilies.framework; sourceTree = BUILT_PRODUCTS_DIR; };
		63344670291BC0DA006A8D3C /* Utilities.framework */ = {isa = PBXFileReference; explicitFileType = wrapper.framework; path = Utilities.framework; sourceTree = BUILT_PRODUCTS_DIR; };
		634783A2291C155D004AEEE7 /* UIComponents.framework */ = {isa = PBXFileReference; explicitFileType = wrapper.framework; path = UIComponents.framework; sourceTree = BUILT_PRODUCTS_DIR; };
		634783F9291CE3B5004AEEE7 /* BaseViewModel.swift */ = {isa = PBXFileReference; lastKnownFileType = sourcecode.swift; path = BaseViewModel.swift; sourceTree = "<group>"; };
		634783FC291CE3F4004AEEE7 /* ModalNavigationController.swift */ = {isa = PBXFileReference; lastKnownFileType = sourcecode.swift; path = ModalNavigationController.swift; sourceTree = "<group>"; };
		634783FE291CE40A004AEEE7 /* CleanNavigationController.swift */ = {isa = PBXFileReference; lastKnownFileType = sourcecode.swift; path = CleanNavigationController.swift; sourceTree = "<group>"; };
		63478400291CE41C004AEEE7 /* BaseNavigationController.swift */ = {isa = PBXFileReference; lastKnownFileType = sourcecode.swift; path = BaseNavigationController.swift; sourceTree = "<group>"; };
		63478403291CE44E004AEEE7 /* BaseViewController.swift */ = {isa = PBXFileReference; lastKnownFileType = sourcecode.swift; path = BaseViewController.swift; sourceTree = "<group>"; };
		63478412291CE5AC004AEEE7 /* Animator.swift */ = {isa = PBXFileReference; lastKnownFileType = sourcecode.swift; path = Animator.swift; sourceTree = "<group>"; };
		63478414291CE5BE004AEEE7 /* Router.swift */ = {isa = PBXFileReference; lastKnownFileType = sourcecode.swift; path = Router.swift; sourceTree = "<group>"; };
		63478416291CE5D8004AEEE7 /* ModalTransition.swift */ = {isa = PBXFileReference; lastKnownFileType = sourcecode.swift; path = ModalTransition.swift; sourceTree = "<group>"; };
		63478418291CE5EC004AEEE7 /* SetRootViewControllerTransition.swift */ = {isa = PBXFileReference; lastKnownFileType = sourcecode.swift; path = SetRootViewControllerTransition.swift; sourceTree = "<group>"; };
		6347841A291CE602004AEEE7 /* PlaceOnWindow.swift */ = {isa = PBXFileReference; lastKnownFileType = sourcecode.swift; path = PlaceOnWindow.swift; sourceTree = "<group>"; };
		6347841C291CE632004AEEE7 /* Transition.swift */ = {isa = PBXFileReference; lastKnownFileType = sourcecode.swift; path = Transition.swift; sourceTree = "<group>"; };
		6347841E291CE642004AEEE7 /* PushTransition.swift */ = {isa = PBXFileReference; lastKnownFileType = sourcecode.swift; path = PushTransition.swift; sourceTree = "<group>"; };
		63478420291CE65E004AEEE7 /* PopToBack.swift */ = {isa = PBXFileReference; lastKnownFileType = sourcecode.swift; path = PopToBack.swift; sourceTree = "<group>"; };
		63478422291CE66F004AEEE7 /* AppRouter.swift */ = {isa = PBXFileReference; lastKnownFileType = sourcecode.swift; path = AppRouter.swift; sourceTree = "<group>"; };
		63478424291CE67D004AEEE7 /* PopToViewController.swift */ = {isa = PBXFileReference; lastKnownFileType = sourcecode.swift; path = PopToViewController.swift; sourceTree = "<group>"; };
		63478426291CE68E004AEEE7 /* DismissableRoute.swift */ = {isa = PBXFileReference; lastKnownFileType = sourcecode.swift; path = DismissableRoute.swift; sourceTree = "<group>"; };
		63478428291CE6A0004AEEE7 /* PopToRoute.swift */ = {isa = PBXFileReference; lastKnownFileType = sourcecode.swift; path = PopToRoute.swift; sourceTree = "<group>"; };
		6347842B291CE6EA004AEEE7 /* DataProvider.swift */ = {isa = PBXFileReference; lastKnownFileType = sourcecode.swift; path = DataProvider.swift; sourceTree = "<group>"; };
		6347842D291CE704004AEEE7 /* APIRequestInterceptor.swift */ = {isa = PBXFileReference; lastKnownFileType = sourcecode.swift; path = APIRequestInterceptor.swift; sourceTree = "<group>"; };
		6347842F291CE713004AEEE7 /* APILogger.swift */ = {isa = PBXFileReference; lastKnownFileType = sourcecode.swift; path = APILogger.swift; sourceTree = "<group>"; };
		63478434291CEAEC004AEEE7 /* MovieApp-Bridging-Header.h */ = {isa = PBXFileReference; lastKnownFileType = sourcecode.c.h; path = "MovieApp-Bridging-Header.h"; sourceTree = "<group>"; };
		6347843E291D9298004AEEE7 /* HomeRouter.swift */ = {isa = PBXFileReference; lastKnownFileType = sourcecode.swift; path = HomeRouter.swift; sourceTree = "<group>"; };
		6347843F291D9298004AEEE7 /* HomeViewController.swift */ = {isa = PBXFileReference; lastKnownFileType = sourcecode.swift; path = HomeViewController.swift; sourceTree = "<group>"; };
		63478440291D9298004AEEE7 /* HomeViewModel.swift */ = {isa = PBXFileReference; lastKnownFileType = sourcecode.swift; path = HomeViewModel.swift; sourceTree = "<group>"; };
		63478444291D92E3004AEEE7 /* HomeRoute.swift */ = {isa = PBXFileReference; lastKnownFileType = sourcecode.swift; path = HomeRoute.swift; sourceTree = "<group>"; };
		6347844D291EC19D004AEEE7 /* MovieDetailRouter.swift */ = {isa = PBXFileReference; lastKnownFileType = sourcecode.swift; path = MovieDetailRouter.swift; sourceTree = "<group>"; };
		6347844E291EC19D004AEEE7 /* MovieDetailViewController.swift */ = {isa = PBXFileReference; lastKnownFileType = sourcecode.swift; path = MovieDetailViewController.swift; sourceTree = "<group>"; };
		6347844F291EC19D004AEEE7 /* MovieDetailViewModel.swift */ = {isa = PBXFileReference; lastKnownFileType = sourcecode.swift; path = MovieDetailViewModel.swift; sourceTree = "<group>"; };
		63478455291EC1FE004AEEE7 /* MovieDetailRoute.swift */ = {isa = PBXFileReference; lastKnownFileType = sourcecode.swift; path = MovieDetailRoute.swift; sourceTree = "<group>"; };
		63BA7E22291AC41F003EE72C /* MovieApp.app */ = {isa = PBXFileReference; explicitFileType = wrapper.application; includeInIndex = 0; path = MovieApp.app; sourceTree = BUILT_PRODUCTS_DIR; };
		63BA7E25291AC41F003EE72C /* AppDelegate.swift */ = {isa = PBXFileReference; lastKnownFileType = sourcecode.swift; path = AppDelegate.swift; sourceTree = "<group>"; };
		63BA7E2E291AC420003EE72C /* Assets.xcassets */ = {isa = PBXFileReference; lastKnownFileType = folder.assetcatalog; path = Assets.xcassets; sourceTree = "<group>"; };
		63BA7E31291AC420003EE72C /* Base */ = {isa = PBXFileReference; lastKnownFileType = file.storyboard; name = Base; path = Base.lproj/LaunchScreen.storyboard; sourceTree = "<group>"; };
		63BA7E33291AC420003EE72C /* Info.plist */ = {isa = PBXFileReference; lastKnownFileType = text.plist.xml; path = Info.plist; sourceTree = "<group>"; };
		63BA7E38291AC420003EE72C /* MovieAppTests.xctest */ = {isa = PBXFileReference; explicitFileType = wrapper.cfbundle; includeInIndex = 0; path = MovieAppTests.xctest; sourceTree = BUILT_PRODUCTS_DIR; };
		63BA7E42291AC420003EE72C /* MovieAppUITests.xctest */ = {isa = PBXFileReference; explicitFileType = wrapper.cfbundle; includeInIndex = 0; path = MovieAppUITests.xctest; sourceTree = BUILT_PRODUCTS_DIR; };
		63E6A5F029202D1C000C1DCA /* MovieCellModel+Extentions.swift */ = {isa = PBXFileReference; lastKnownFileType = sourcecode.swift; path = "MovieCellModel+Extentions.swift"; sourceTree = "<group>"; };
		63E6A5F3292115FF000C1DCA /* SplashRouter.swift */ = {isa = PBXFileReference; lastKnownFileType = sourcecode.swift; path = SplashRouter.swift; sourceTree = "<group>"; };
		63E6A5F4292115FF000C1DCA /* SplashViewController.swift */ = {isa = PBXFileReference; lastKnownFileType = sourcecode.swift; path = SplashViewController.swift; sourceTree = "<group>"; };
		63E6A5F5292115FF000C1DCA /* SplashViewModel.swift */ = {isa = PBXFileReference; lastKnownFileType = sourcecode.swift; path = SplashViewModel.swift; sourceTree = "<group>"; };
		63E6A5F929211628000C1DCA /* SplashRoute.swift */ = {isa = PBXFileReference; lastKnownFileType = sourcecode.swift; path = SplashRoute.swift; sourceTree = "<group>"; };
		63E6A5FC29216AAE000C1DCA /* UIViewController+Extentions.swift */ = {isa = PBXFileReference; lastKnownFileType = sourcecode.swift; path = "UIViewController+Extentions.swift"; sourceTree = "<group>"; };
		63E6A6052922C456000C1DCA /* AllMoviesRouter.swift */ = {isa = PBXFileReference; lastKnownFileType = sourcecode.swift; path = AllMoviesRouter.swift; sourceTree = "<group>"; };
		63E6A6062922C456000C1DCA /* AllMoviesViewController.swift */ = {isa = PBXFileReference; lastKnownFileType = sourcecode.swift; path = AllMoviesViewController.swift; sourceTree = "<group>"; };
		63E6A6072922C456000C1DCA /* AllMoviesViewModel.swift */ = {isa = PBXFileReference; lastKnownFileType = sourcecode.swift; path = AllMoviesViewModel.swift; sourceTree = "<group>"; };
		63E6A60B2922C468000C1DCA /* AllMoviesRoute.swift */ = {isa = PBXFileReference; lastKnownFileType = sourcecode.swift; path = AllMoviesRoute.swift; sourceTree = "<group>"; };
		D8E918F73A23A076CF7F3DA5 /* Pods-MovieApp.release.xcconfig */ = {isa = PBXFileReference; includeInIndex = 1; lastKnownFileType = text.xcconfig; name = "Pods-MovieApp.release.xcconfig"; path = "Target Support Files/Pods-MovieApp/Pods-MovieApp.release.xcconfig"; sourceTree = "<group>"; };
		FA43CCCB5B2BE1C888925498 /* Pods-MovieApp.debug.xcconfig */ = {isa = PBXFileReference; includeInIndex = 1; lastKnownFileType = text.xcconfig; name = "Pods-MovieApp.debug.xcconfig"; path = "Target Support Files/Pods-MovieApp/Pods-MovieApp.debug.xcconfig"; sourceTree = "<group>"; };
/* End PBXFileReference section */

/* Begin PBXFrameworksBuildPhase section */
		63BA7E1F291AC41F003EE72C /* Frameworks */ = {
			isa = PBXFrameworksBuildPhase;
			buildActionMask = 2147483647;
			files = (
				6334463E291AC517006A8D3C /* DataProvider.framework in Frameworks */,
				634783A3291C155D004AEEE7 /* UIComponents.framework in Frameworks */,
				63344671291BC0DA006A8D3C /* Utilities.framework in Frameworks */,
				00236E4F3F72CD5811249D62 /* Pods_MovieApp.framework in Frameworks */,
			);
			runOnlyForDeploymentPostprocessing = 0;
		};
		63BA7E35291AC420003EE72C /* Frameworks */ = {
			isa = PBXFrameworksBuildPhase;
			buildActionMask = 2147483647;
			files = (
			);
			runOnlyForDeploymentPostprocessing = 0;
		};
		63BA7E3F291AC420003EE72C /* Frameworks */ = {
			isa = PBXFrameworksBuildPhase;
			buildActionMask = 2147483647;
			files = (
			);
			runOnlyForDeploymentPostprocessing = 0;
		};
/* End PBXFrameworksBuildPhase section */

/* Begin PBXGroup section */
		0348262F5A71337B973B1F25 /* Pods */ = {
			isa = PBXGroup;
			children = (
				FA43CCCB5B2BE1C888925498 /* Pods-MovieApp.debug.xcconfig */,
				D8E918F73A23A076CF7F3DA5 /* Pods-MovieApp.release.xcconfig */,
			);
			path = Pods;
			sourceTree = "<group>";
		};
		241EB9677BBF1B6004A138E7 /* Frameworks */ = {
			isa = PBXGroup;
			children = (
				634783A2291C155D004AEEE7 /* UIComponents.framework */,
				63344670291BC0DA006A8D3C /* Utilities.framework */,
				63344649291AC564006A8D3C /* Utilitilies.framework */,
				63344643291AC527006A8D3C /* UICompanents.framework */,
				6334463D291AC517006A8D3C /* DataProvider.framework */,
				076FD47AE69456E867615D3A /* Pods_MovieApp.framework */,
			);
			name = Frameworks;
			sourceTree = "<group>";
		};
		6336BD022965FA41000C5AF4 /* Recovered References */ = {
			isa = PBXGroup;
			children = (
			);
			name = "Recovered References";
			sourceTree = "<group>";
		};
		634783F5291CE36D004AEEE7 /* Scene */ = {
			isa = PBXGroup;
			children = (
				63E6A6042922C444000C1DCA /* AllMovies */,
				63E6A5F2292115D1000C1DCA /* Splash */,
				6347844C291EC175004AEEE7 /* MovieDetail */,
				6347843D291D9189004AEEE7 /* Home */,
				634783F6291CE376004AEEE7 /* Base */,
			);
			path = Scene;
			sourceTree = "<group>";
		};
		634783F6291CE376004AEEE7 /* Base */ = {
			isa = PBXGroup;
			children = (
				63478402291CE440004AEEE7 /* ViewController */,
				634783F7291CE382004AEEE7 /* ViewModel */,
				634783FB291CE3E4004AEEE7 /* NavigationController */,
			);
			path = Base;
			sourceTree = "<group>";
		};
		634783F7291CE382004AEEE7 /* ViewModel */ = {
			isa = PBXGroup;
			children = (
				634783F9291CE3B5004AEEE7 /* BaseViewModel.swift */,
			);
			path = ViewModel;
			sourceTree = "<group>";
		};
		634783FB291CE3E4004AEEE7 /* NavigationController */ = {
			isa = PBXGroup;
			children = (
				634783FC291CE3F4004AEEE7 /* ModalNavigationController.swift */,
				634783FE291CE40A004AEEE7 /* CleanNavigationController.swift */,
				63478400291CE41C004AEEE7 /* BaseNavigationController.swift */,
			);
			path = NavigationController;
			sourceTree = "<group>";
		};
		63478402291CE440004AEEE7 /* ViewController */ = {
			isa = PBXGroup;
			children = (
				63478403291CE44E004AEEE7 /* BaseViewController.swift */,
			);
			path = ViewController;
			sourceTree = "<group>";
		};
		6347840D291CE4E7004AEEE7 /* Resources */ = {
			isa = PBXGroup;
			children = (
				63BA7E2E291AC420003EE72C /* Assets.xcassets */,
				63BA7E30291AC420003EE72C /* LaunchScreen.storyboard */,
			);
			path = Resources;
			sourceTree = "<group>";
		};
		6347840E291CE567004AEEE7 /* Routing */ = {
			isa = PBXGroup;
			children = (
				63478411291CE582004AEEE7 /* Core */,
				63478410291CE575004AEEE7 /* Transitions */,
				6347840F291CE56E004AEEE7 /* Router */,
			);
			path = Routing;
			sourceTree = "<group>";
		};
		6347840F291CE56E004AEEE7 /* Router */ = {
			isa = PBXGroup;
			children = (
				63478420291CE65E004AEEE7 /* PopToBack.swift */,
				63478422291CE66F004AEEE7 /* AppRouter.swift */,
				63478424291CE67D004AEEE7 /* PopToViewController.swift */,
				63478426291CE68E004AEEE7 /* DismissableRoute.swift */,
				63478428291CE6A0004AEEE7 /* PopToRoute.swift */,
			);
			path = Router;
			sourceTree = "<group>";
		};
		63478410291CE575004AEEE7 /* Transitions */ = {
			isa = PBXGroup;
			children = (
				63478416291CE5D8004AEEE7 /* ModalTransition.swift */,
				63478418291CE5EC004AEEE7 /* SetRootViewControllerTransition.swift */,
				6347841A291CE602004AEEE7 /* PlaceOnWindow.swift */,
				6347841C291CE632004AEEE7 /* Transition.swift */,
				6347841E291CE642004AEEE7 /* PushTransition.swift */,
			);
			path = Transitions;
			sourceTree = "<group>";
		};
		63478411291CE582004AEEE7 /* Core */ = {
			isa = PBXGroup;
			children = (
				63478412291CE5AC004AEEE7 /* Animator.swift */,
				63478414291CE5BE004AEEE7 /* Router.swift */,
			);
			path = Core;
			sourceTree = "<group>";
		};
		6347842A291CE6E0004AEEE7 /* DataProvider */ = {
			isa = PBXGroup;
			children = (
				6347842B291CE6EA004AEEE7 /* DataProvider.swift */,
				6347842D291CE704004AEEE7 /* APIRequestInterceptor.swift */,
				6347842F291CE713004AEEE7 /* APILogger.swift */,
			);
			path = DataProvider;
			sourceTree = "<group>";
		};
		63478431291CE7B3004AEEE7 /* AppDelegate */ = {
			isa = PBXGroup;
			children = (
				63BA7E25291AC41F003EE72C /* AppDelegate.swift */,
			);
			path = AppDelegate;
			sourceTree = "<group>";
		};
		63478432291CE890004AEEE7 /* Configure */ = {
			isa = PBXGroup;
			children = (
				63BA7E33291AC420003EE72C /* Info.plist */,
				63478434291CEAEC004AEEE7 /* MovieApp-Bridging-Header.h */,
			);
			path = Configure;
			sourceTree = "<group>";
		};
		6347843D291D9189004AEEE7 /* Home */ = {
			isa = PBXGroup;
			children = (
				6347843E291D9298004AEEE7 /* HomeRouter.swift */,
				6347843F291D9298004AEEE7 /* HomeViewController.swift */,
				63478440291D9298004AEEE7 /* HomeViewModel.swift */,
				63478444291D92E3004AEEE7 /* HomeRoute.swift */,
			);
			path = Home;
			sourceTree = "<group>";
		};
		6347844C291EC175004AEEE7 /* MovieDetail */ = {
			isa = PBXGroup;
			children = (
				6347844D291EC19D004AEEE7 /* MovieDetailRouter.swift */,
				6347844E291EC19D004AEEE7 /* MovieDetailViewController.swift */,
				6347844F291EC19D004AEEE7 /* MovieDetailViewModel.swift */,
				63478455291EC1FE004AEEE7 /* MovieDetailRoute.swift */,
			);
			path = MovieDetail;
			sourceTree = "<group>";
		};
		63BA7E19291AC41F003EE72C = {
			isa = PBXGroup;
			children = (
				63BA7E24291AC41F003EE72C /* MovieApp */,
				63BA7E23291AC41F003EE72C /* Products */,
				0348262F5A71337B973B1F25 /* Pods */,
				241EB9677BBF1B6004A138E7 /* Frameworks */,
				6336BD022965FA41000C5AF4 /* Recovered References */,
			);
			sourceTree = "<group>";
		};
		63BA7E23291AC41F003EE72C /* Products */ = {
			isa = PBXGroup;
			children = (
				63BA7E22291AC41F003EE72C /* MovieApp.app */,
				63BA7E38291AC420003EE72C /* MovieAppTests.xctest */,
				63BA7E42291AC420003EE72C /* MovieAppUITests.xctest */,
			);
			name = Products;
			sourceTree = "<group>";
		};
		63BA7E24291AC41F003EE72C /* MovieApp */ = {
			isa = PBXGroup;
			children = (
				63E6A5FB29216A78000C1DCA /* Extentions */,
				63E6A5EF29202CC1000C1DCA /* UIComponents */,
				634783F5291CE36D004AEEE7 /* Scene */,
				6347840D291CE4E7004AEEE7 /* Resources */,
				6347840E291CE567004AEEE7 /* Routing */,
				6347842A291CE6E0004AEEE7 /* DataProvider */,
				63478431291CE7B3004AEEE7 /* AppDelegate */,
				63478432291CE890004AEEE7 /* Configure */,
			);
			path = MovieApp;
			sourceTree = "<group>";
		};
		63E6A5EF29202CC1000C1DCA /* UIComponents */ = {
			isa = PBXGroup;
			children = (
				63E6A5F029202D1C000C1DCA /* MovieCellModel+Extentions.swift */,
			);
			path = UIComponents;
			sourceTree = "<group>";
		};
		63E6A5F2292115D1000C1DCA /* Splash */ = {
			isa = PBXGroup;
			children = (
				63E6A5F3292115FF000C1DCA /* SplashRouter.swift */,
				63E6A5F4292115FF000C1DCA /* SplashViewController.swift */,
				63E6A5F5292115FF000C1DCA /* SplashViewModel.swift */,
				63E6A5F929211628000C1DCA /* SplashRoute.swift */,
			);
			path = Splash;
			sourceTree = "<group>";
		};
		63E6A5FB29216A78000C1DCA /* Extentions */ = {
			isa = PBXGroup;
			children = (
				63E6A5FC29216AAE000C1DCA /* UIViewController+Extentions.swift */,
			);
			path = Extentions;
			sourceTree = "<group>";
		};
		63E6A6042922C444000C1DCA /* AllMovies */ = {
			isa = PBXGroup;
			children = (
				63E6A6052922C456000C1DCA /* AllMoviesRouter.swift */,
				63E6A6062922C456000C1DCA /* AllMoviesViewController.swift */,
				63E6A6072922C456000C1DCA /* AllMoviesViewModel.swift */,
				63E6A60B2922C468000C1DCA /* AllMoviesRoute.swift */,
			);
			path = AllMovies;
			sourceTree = "<group>";
		};
/* End PBXGroup section */

/* Begin PBXNativeTarget section */
		63BA7E21291AC41F003EE72C /* MovieApp */ = {
			isa = PBXNativeTarget;
			buildConfigurationList = 63BA7E4C291AC420003EE72C /* Build configuration list for PBXNativeTarget "MovieApp" */;
			buildPhases = (
				9DC22FE5723EBF11FB297778 /* [CP] Check Pods Manifest.lock */,
				63BA7E1E291AC41F003EE72C /* Sources */,
				63BA7E1F291AC41F003EE72C /* Frameworks */,
				63BA7E20291AC41F003EE72C /* Resources */,
				63344648291AC55B006A8D3C /* Embed Frameworks */,
				CEAF2258CA5FA4F205A4916E /* [CP] Embed Pods Frameworks */,
			);
			buildRules = (
			);
			dependencies = (
			);
			name = MovieApp;
			productName = SercanMobs;
			productReference = 63BA7E22291AC41F003EE72C /* MovieApp.app */;
			productType = "com.apple.product-type.application";
		};
		63BA7E37291AC420003EE72C /* MovieAppTests */ = {
			isa = PBXNativeTarget;
			buildConfigurationList = 63BA7E4F291AC420003EE72C /* Build configuration list for PBXNativeTarget "MovieAppTests" */;
			buildPhases = (
				63BA7E34291AC420003EE72C /* Sources */,
				63BA7E35291AC420003EE72C /* Frameworks */,
				63BA7E36291AC420003EE72C /* Resources */,
			);
			buildRules = (
			);
			dependencies = (
				63BA7E3A291AC420003EE72C /* PBXTargetDependency */,
			);
			name = MovieAppTests;
			productName = SercanMobsTests;
			productReference = 63BA7E38291AC420003EE72C /* MovieAppTests.xctest */;
			productType = "com.apple.product-type.bundle.unit-test";
		};
		63BA7E41291AC420003EE72C /* MovieAppUITests */ = {
			isa = PBXNativeTarget;
			buildConfigurationList = 63BA7E52291AC420003EE72C /* Build configuration list for PBXNativeTarget "MovieAppUITests" */;
			buildPhases = (
				63BA7E3E291AC420003EE72C /* Sources */,
				63BA7E3F291AC420003EE72C /* Frameworks */,
				63BA7E40291AC420003EE72C /* Resources */,
			);
			buildRules = (
			);
			dependencies = (
				63BA7E44291AC420003EE72C /* PBXTargetDependency */,
			);
			name = MovieAppUITests;
			productName = SercanMobsUITests;
			productReference = 63BA7E42291AC420003EE72C /* MovieAppUITests.xctest */;
			productType = "com.apple.product-type.bundle.ui-testing";
		};
/* End PBXNativeTarget section */

/* Begin PBXProject section */
		63BA7E1A291AC41F003EE72C /* Project object */ = {
			isa = PBXProject;
			attributes = {
				BuildIndependentTargetsInParallel = 1;
				LastSwiftUpdateCheck = 1410;
				LastUpgradeCheck = 1410;
				TargetAttributes = {
					63BA7E21291AC41F003EE72C = {
						CreatedOnToolsVersion = 14.1;
					};
					63BA7E37291AC420003EE72C = {
						CreatedOnToolsVersion = 14.1;
						TestTargetID = 63BA7E21291AC41F003EE72C;
					};
					63BA7E41291AC420003EE72C = {
						CreatedOnToolsVersion = 14.1;
						TestTargetID = 63BA7E21291AC41F003EE72C;
					};
				};
			};
			buildConfigurationList = 63BA7E1D291AC41F003EE72C /* Build configuration list for PBXProject "MovieApp" */;
			compatibilityVersion = "Xcode 13.0";
			developmentRegion = en;
			hasScannedForEncodings = 0;
			knownRegions = (
				en,
				Base,
			);
			mainGroup = 63BA7E19291AC41F003EE72C;
			productRefGroup = 63BA7E23291AC41F003EE72C /* Products */;
			projectDirPath = "";
			projectRoot = "";
			targets = (
				63BA7E21291AC41F003EE72C /* MovieApp */,
				63BA7E37291AC420003EE72C /* MovieAppTests */,
				63BA7E41291AC420003EE72C /* MovieAppUITests */,
			);
		};
/* End PBXProject section */

/* Begin PBXResourcesBuildPhase section */
		63BA7E20291AC41F003EE72C /* Resources */ = {
			isa = PBXResourcesBuildPhase;
			buildActionMask = 2147483647;
			files = (
				63BA7E32291AC420003EE72C /* LaunchScreen.storyboard in Resources */,
				63BA7E2F291AC420003EE72C /* Assets.xcassets in Resources */,
			);
			runOnlyForDeploymentPostprocessing = 0;
		};
		63BA7E36291AC420003EE72C /* Resources */ = {
			isa = PBXResourcesBuildPhase;
			buildActionMask = 2147483647;
			files = (
			);
			runOnlyForDeploymentPostprocessing = 0;
		};
		63BA7E40291AC420003EE72C /* Resources */ = {
			isa = PBXResourcesBuildPhase;
			buildActionMask = 2147483647;
			files = (
			);
			runOnlyForDeploymentPostprocessing = 0;
		};
/* End PBXResourcesBuildPhase section */

/* Begin PBXShellScriptBuildPhase section */
		9DC22FE5723EBF11FB297778 /* [CP] Check Pods Manifest.lock */ = {
			isa = PBXShellScriptBuildPhase;
			buildActionMask = 2147483647;
			files = (
			);
			inputFileListPaths = (
			);
			inputPaths = (
				"${PODS_PODFILE_DIR_PATH}/Podfile.lock",
				"${PODS_ROOT}/Manifest.lock",
			);
			name = "[CP] Check Pods Manifest.lock";
			outputFileListPaths = (
			);
			outputPaths = (
				"$(DERIVED_FILE_DIR)/Pods-MovieApp-checkManifestLockResult.txt",
			);
			runOnlyForDeploymentPostprocessing = 0;
			shellPath = /bin/sh;
			shellScript = "diff \"${PODS_PODFILE_DIR_PATH}/Podfile.lock\" \"${PODS_ROOT}/Manifest.lock\" > /dev/null\nif [ $? != 0 ] ; then\n    # print error to STDERR\n    echo \"error: The sandbox is not in sync with the Podfile.lock. Run 'pod install' or update your CocoaPods installation.\" >&2\n    exit 1\nfi\n# This output is used by Xcode 'outputs' to avoid re-running this script phase.\necho \"SUCCESS\" > \"${SCRIPT_OUTPUT_FILE_0}\"\n";
			showEnvVarsInLog = 0;
		};
		CEAF2258CA5FA4F205A4916E /* [CP] Embed Pods Frameworks */ = {
			isa = PBXShellScriptBuildPhase;
			buildActionMask = 2147483647;
			files = (
			);
			inputFileListPaths = (
				"${PODS_ROOT}/Target Support Files/Pods-MovieApp/Pods-MovieApp-frameworks-${CONFIGURATION}-input-files.xcfilelist",
			);
			name = "[CP] Embed Pods Frameworks";
			outputFileListPaths = (
				"${PODS_ROOT}/Target Support Files/Pods-MovieApp/Pods-MovieApp-frameworks-${CONFIGURATION}-output-files.xcfilelist",
			);
			runOnlyForDeploymentPostprocessing = 0;
			shellPath = /bin/sh;
			shellScript = "\"${PODS_ROOT}/Target Support Files/Pods-MovieApp/Pods-MovieApp-frameworks.sh\"\n";
			showEnvVarsInLog = 0;
		};
/* End PBXShellScriptBuildPhase section */

/* Begin PBXSourcesBuildPhase section */
		63BA7E1E291AC41F003EE72C /* Sources */ = {
			isa = PBXSourcesBuildPhase;
			buildActionMask = 2147483647;
			files = (
				6347841D291CE632004AEEE7 /* Transition.swift in Sources */,
				6347841F291CE642004AEEE7 /* PushTransition.swift in Sources */,
				6347841B291CE602004AEEE7 /* PlaceOnWindow.swift in Sources */,
				63478429291CE6A0004AEEE7 /* PopToRoute.swift in Sources */,
				63478401291CE41C004AEEE7 /* BaseNavigationController.swift in Sources */,
				63478417291CE5D8004AEEE7 /* ModalTransition.swift in Sources */,
				634783FD291CE3F4004AEEE7 /* ModalNavigationController.swift in Sources */,
				634783FA291CE3B5004AEEE7 /* BaseViewModel.swift in Sources */,
				63478427291CE68E004AEEE7 /* DismissableRoute.swift in Sources */,
				63478456291EC1FE004AEEE7 /* MovieDetailRoute.swift in Sources */,
				63478421291CE65E004AEEE7 /* PopToBack.swift in Sources */,
				63478450291EC19D004AEEE7 /* MovieDetailRouter.swift in Sources */,
				63BA7E26291AC41F003EE72C /* AppDelegate.swift in Sources */,
				63E6A5F6292115FF000C1DCA /* SplashRouter.swift in Sources */,
				63478452291EC19D004AEEE7 /* MovieDetailViewModel.swift in Sources */,
				63E6A5F8292115FF000C1DCA /* SplashViewModel.swift in Sources */,
				63478423291CE66F004AEEE7 /* AppRouter.swift in Sources */,
				63E6A5F129202D1C000C1DCA /* MovieCellModel+Extentions.swift in Sources */,
				6347842E291CE704004AEEE7 /* APIRequestInterceptor.swift in Sources */,
				63478442291D9298004AEEE7 /* HomeViewController.swift in Sources */,
				63478404291CE44E004AEEE7 /* BaseViewController.swift in Sources */,
				63E6A6092922C456000C1DCA /* AllMoviesViewController.swift in Sources */,
				63E6A6082922C456000C1DCA /* AllMoviesRouter.swift in Sources */,
				63478413291CE5AC004AEEE7 /* Animator.swift in Sources */,
				63478430291CE713004AEEE7 /* APILogger.swift in Sources */,
				63E6A60A2922C456000C1DCA /* AllMoviesViewModel.swift in Sources */,
				63E6A5FD29216AAE000C1DCA /* UIViewController+Extentions.swift in Sources */,
				6347842C291CE6EA004AEEE7 /* DataProvider.swift in Sources */,
				63E6A5FA29211628000C1DCA /* SplashRoute.swift in Sources */,
				63478419291CE5EC004AEEE7 /* SetRootViewControllerTransition.swift in Sources */,
				63E6A60C2922C468000C1DCA /* AllMoviesRoute.swift in Sources */,
				63478441291D9298004AEEE7 /* HomeRouter.swift in Sources */,
				63478415291CE5BE004AEEE7 /* Router.swift in Sources */,
				63478443291D9298004AEEE7 /* HomeViewModel.swift in Sources */,
				63478445291D92E3004AEEE7 /* HomeRoute.swift in Sources */,
				63478425291CE67D004AEEE7 /* PopToViewController.swift in Sources */,
				63478451291EC19D004AEEE7 /* MovieDetailViewController.swift in Sources */,
				634783FF291CE40A004AEEE7 /* CleanNavigationController.swift in Sources */,
				63E6A5F7292115FF000C1DCA /* SplashViewController.swift in Sources */,
			);
			runOnlyForDeploymentPostprocessing = 0;
		};
		63BA7E34291AC420003EE72C /* Sources */ = {
			isa = PBXSourcesBuildPhase;
			buildActionMask = 2147483647;
			files = (
			);
			runOnlyForDeploymentPostprocessing = 0;
		};
		63BA7E3E291AC420003EE72C /* Sources */ = {
			isa = PBXSourcesBuildPhase;
			buildActionMask = 2147483647;
			files = (
			);
			runOnlyForDeploymentPostprocessing = 0;
		};
/* End PBXSourcesBuildPhase section */

/* Begin PBXTargetDependency section */
		63BA7E3A291AC420003EE72C /* PBXTargetDependency */ = {
			isa = PBXTargetDependency;
			target = 63BA7E21291AC41F003EE72C /* MovieApp */;
			targetProxy = 63BA7E39291AC420003EE72C /* PBXContainerItemProxy */;
		};
		63BA7E44291AC420003EE72C /* PBXTargetDependency */ = {
			isa = PBXTargetDependency;
			target = 63BA7E21291AC41F003EE72C /* MovieApp */;
			targetProxy = 63BA7E43291AC420003EE72C /* PBXContainerItemProxy */;
		};
/* End PBXTargetDependency section */

/* Begin PBXVariantGroup section */
		63BA7E30291AC420003EE72C /* LaunchScreen.storyboard */ = {
			isa = PBXVariantGroup;
			children = (
				63BA7E31291AC420003EE72C /* Base */,
			);
			name = LaunchScreen.storyboard;
			sourceTree = "<group>";
		};
/* End PBXVariantGroup section */

/* Begin XCBuildConfiguration section */
		63BA7E4A291AC420003EE72C /* Debug */ = {
			isa = XCBuildConfiguration;
			buildSettings = {
				ALWAYS_SEARCH_USER_PATHS = NO;
				CLANG_ANALYZER_NONNULL = YES;
				CLANG_ANALYZER_NUMBER_OBJECT_CONVERSION = YES_AGGRESSIVE;
				CLANG_CXX_LANGUAGE_STANDARD = "gnu++20";
				CLANG_ENABLE_MODULES = YES;
				CLANG_ENABLE_OBJC_ARC = YES;
				CLANG_ENABLE_OBJC_WEAK = YES;
				CLANG_WARN_BLOCK_CAPTURE_AUTORELEASING = YES;
				CLANG_WARN_BOOL_CONVERSION = YES;
				CLANG_WARN_COMMA = YES;
				CLANG_WARN_CONSTANT_CONVERSION = YES;
				CLANG_WARN_DEPRECATED_OBJC_IMPLEMENTATIONS = YES;
				CLANG_WARN_DIRECT_OBJC_ISA_USAGE = YES_ERROR;
				CLANG_WARN_DOCUMENTATION_COMMENTS = YES;
				CLANG_WARN_EMPTY_BODY = YES;
				CLANG_WARN_ENUM_CONVERSION = YES;
				CLANG_WARN_INFINITE_RECURSION = YES;
				CLANG_WARN_INT_CONVERSION = YES;
				CLANG_WARN_NON_LITERAL_NULL_CONVERSION = YES;
				CLANG_WARN_OBJC_IMPLICIT_RETAIN_SELF = YES;
				CLANG_WARN_OBJC_LITERAL_CONVERSION = YES;
				CLANG_WARN_OBJC_ROOT_CLASS = YES_ERROR;
				CLANG_WARN_QUOTED_INCLUDE_IN_FRAMEWORK_HEADER = YES;
				CLANG_WARN_RANGE_LOOP_ANALYSIS = YES;
				CLANG_WARN_STRICT_PROTOTYPES = YES;
				CLANG_WARN_SUSPICIOUS_MOVE = YES;
				CLANG_WARN_UNGUARDED_AVAILABILITY = YES_AGGRESSIVE;
				CLANG_WARN_UNREACHABLE_CODE = YES;
				CLANG_WARN__DUPLICATE_METHOD_MATCH = YES;
				COPY_PHASE_STRIP = NO;
				DEBUG_INFORMATION_FORMAT = dwarf;
				ENABLE_STRICT_OBJC_MSGSEND = YES;
				ENABLE_TESTABILITY = YES;
				GCC_C_LANGUAGE_STANDARD = gnu11;
				GCC_DYNAMIC_NO_PIC = NO;
				GCC_NO_COMMON_BLOCKS = YES;
				GCC_OPTIMIZATION_LEVEL = 0;
				GCC_PREPROCESSOR_DEFINITIONS = (
					"DEBUG=1",
					"$(inherited)",
				);
				GCC_WARN_64_TO_32_BIT_CONVERSION = YES;
				GCC_WARN_ABOUT_RETURN_TYPE = YES_ERROR;
				GCC_WARN_UNDECLARED_SELECTOR = YES;
				GCC_WARN_UNINITIALIZED_AUTOS = YES_AGGRESSIVE;
				GCC_WARN_UNUSED_FUNCTION = YES;
				GCC_WARN_UNUSED_VARIABLE = YES;
				INFOPLIST_FILE = MovieApp/Configure/info.plist;
				IPHONEOS_DEPLOYMENT_TARGET = 15.0;
				MTL_ENABLE_DEBUG_INFO = INCLUDE_SOURCE;
				MTL_FAST_MATH = YES;
				ONLY_ACTIVE_ARCH = YES;
				SDKROOT = iphoneos;
				SWIFT_ACTIVE_COMPILATION_CONDITIONS = DEBUG;
				SWIFT_OPTIMIZATION_LEVEL = "-Onone";
			};
			name = Debug;
		};
		63BA7E4B291AC420003EE72C /* Release */ = {
			isa = XCBuildConfiguration;
			buildSettings = {
				ALWAYS_SEARCH_USER_PATHS = NO;
				CLANG_ANALYZER_NONNULL = YES;
				CLANG_ANALYZER_NUMBER_OBJECT_CONVERSION = YES_AGGRESSIVE;
				CLANG_CXX_LANGUAGE_STANDARD = "gnu++20";
				CLANG_ENABLE_MODULES = YES;
				CLANG_ENABLE_OBJC_ARC = YES;
				CLANG_ENABLE_OBJC_WEAK = YES;
				CLANG_WARN_BLOCK_CAPTURE_AUTORELEASING = YES;
				CLANG_WARN_BOOL_CONVERSION = YES;
				CLANG_WARN_COMMA = YES;
				CLANG_WARN_CONSTANT_CONVERSION = YES;
				CLANG_WARN_DEPRECATED_OBJC_IMPLEMENTATIONS = YES;
				CLANG_WARN_DIRECT_OBJC_ISA_USAGE = YES_ERROR;
				CLANG_WARN_DOCUMENTATION_COMMENTS = YES;
				CLANG_WARN_EMPTY_BODY = YES;
				CLANG_WARN_ENUM_CONVERSION = YES;
				CLANG_WARN_INFINITE_RECURSION = YES;
				CLANG_WARN_INT_CONVERSION = YES;
				CLANG_WARN_NON_LITERAL_NULL_CONVERSION = YES;
				CLANG_WARN_OBJC_IMPLICIT_RETAIN_SELF = YES;
				CLANG_WARN_OBJC_LITERAL_CONVERSION = YES;
				CLANG_WARN_OBJC_ROOT_CLASS = YES_ERROR;
				CLANG_WARN_QUOTED_INCLUDE_IN_FRAMEWORK_HEADER = YES;
				CLANG_WARN_RANGE_LOOP_ANALYSIS = YES;
				CLANG_WARN_STRICT_PROTOTYPES = YES;
				CLANG_WARN_SUSPICIOUS_MOVE = YES;
				CLANG_WARN_UNGUARDED_AVAILABILITY = YES_AGGRESSIVE;
				CLANG_WARN_UNREACHABLE_CODE = YES;
				CLANG_WARN__DUPLICATE_METHOD_MATCH = YES;
				COPY_PHASE_STRIP = NO;
				DEBUG_INFORMATION_FORMAT = "dwarf-with-dsym";
				ENABLE_NS_ASSERTIONS = NO;
				ENABLE_STRICT_OBJC_MSGSEND = YES;
				GCC_C_LANGUAGE_STANDARD = gnu11;
				GCC_NO_COMMON_BLOCKS = YES;
				GCC_WARN_64_TO_32_BIT_CONVERSION = YES;
				GCC_WARN_ABOUT_RETURN_TYPE = YES_ERROR;
				GCC_WARN_UNDECLARED_SELECTOR = YES;
				GCC_WARN_UNINITIALIZED_AUTOS = YES_AGGRESSIVE;
				GCC_WARN_UNUSED_FUNCTION = YES;
				GCC_WARN_UNUSED_VARIABLE = YES;
				INFOPLIST_FILE = MovieApp/Configure/info.plist;
				IPHONEOS_DEPLOYMENT_TARGET = 15.0;
				MTL_ENABLE_DEBUG_INFO = NO;
				MTL_FAST_MATH = YES;
				SDKROOT = iphoneos;
				SWIFT_COMPILATION_MODE = wholemodule;
				SWIFT_OPTIMIZATION_LEVEL = "-O";
				VALIDATE_PRODUCT = YES;
			};
			name = Release;
		};
		63BA7E4D291AC420003EE72C /* Debug */ = {
			isa = XCBuildConfiguration;
			baseConfigurationReference = FA43CCCB5B2BE1C888925498 /* Pods-MovieApp.debug.xcconfig */;
			buildSettings = {
				ASSETCATALOG_COMPILER_APPICON_NAME = AppIcon;
				ASSETCATALOG_COMPILER_GLOBAL_ACCENT_COLOR_NAME = AccentColor;
				CODE_SIGN_STYLE = Automatic;
				CURRENT_PROJECT_VERSION = 1;
				DEVELOPMENT_TEAM = L275C5HPVC;
				GENERATE_INFOPLIST_FILE = YES;
				INFOPLIST_FILE = MovieApp/Configure/Info.plist;
				INFOPLIST_KEY_UIApplicationSupportsIndirectInputEvents = YES;
				INFOPLIST_KEY_UILaunchStoryboardName = LaunchScreen;
				INFOPLIST_KEY_UISupportedInterfaceOrientations_iPad = "UIInterfaceOrientationPortrait UIInterfaceOrientationPortraitUpsideDown UIInterfaceOrientationLandscapeLeft UIInterfaceOrientationLandscapeRight";
				INFOPLIST_KEY_UISupportedInterfaceOrientations_iPhone = "UIInterfaceOrientationPortrait UIInterfaceOrientationLandscapeLeft UIInterfaceOrientationLandscapeRight";
				IPHONEOS_DEPLOYMENT_TARGET = 15.0;
				LD_RUNPATH_SEARCH_PATHS = (
					"$(inherited)",
					"@executable_path/Frameworks",
				);
				MARKETING_VERSION = 1.0;
				PRODUCT_BUNDLE_IDENTIFIER = wertr.com.MovieApp;
				PRODUCT_NAME = "$(TARGET_NAME)";
				SWIFT_EMIT_LOC_STRINGS = YES;
				SWIFT_OBJC_BRIDGING_HEADER = "MovieApp/Configure/MovieApp-Bridging-Header.h";
				SWIFT_VERSION = 5.0;
				TARGETED_DEVICE_FAMILY = "1,2";
			};
			name = Debug;
		};
		63BA7E4E291AC420003EE72C /* Release */ = {
			isa = XCBuildConfiguration;
			baseConfigurationReference = D8E918F73A23A076CF7F3DA5 /* Pods-MovieApp.release.xcconfig */;
			buildSettings = {
				ASSETCATALOG_COMPILER_APPICON_NAME = AppIcon;
				ASSETCATALOG_COMPILER_GLOBAL_ACCENT_COLOR_NAME = AccentColor;
				CODE_SIGN_STYLE = Automatic;
				CURRENT_PROJECT_VERSION = 1;
				DEVELOPMENT_TEAM = L275C5HPVC;
				GENERATE_INFOPLIST_FILE = YES;
				INFOPLIST_FILE = MovieApp/Configure/Info.plist;
				INFOPLIST_KEY_UIApplicationSupportsIndirectInputEvents = YES;
				INFOPLIST_KEY_UILaunchStoryboardName = LaunchScreen;
				INFOPLIST_KEY_UISupportedInterfaceOrientations_iPad = "UIInterfaceOrientationPortrait UIInterfaceOrientationPortraitUpsideDown UIInterfaceOrientationLandscapeLeft UIInterfaceOrientationLandscapeRight";
				INFOPLIST_KEY_UISupportedInterfaceOrientations_iPhone = "UIInterfaceOrientationPortrait UIInterfaceOrientationLandscapeLeft UIInterfaceOrientationLandscapeRight";
				IPHONEOS_DEPLOYMENT_TARGET = 15.0;
				LD_RUNPATH_SEARCH_PATHS = (
					"$(inherited)",
					"@executable_path/Frameworks",
				);
				MARKETING_VERSION = 1.0;
				PRODUCT_BUNDLE_IDENTIFIER = wertr.com.;
				PRODUCT_NAME = "$(TARGET_NAME)";
				SWIFT_EMIT_LOC_STRINGS = YES;
				SWIFT_OBJC_BRIDGING_HEADER = "MovieApp/Configure/MovieApp-Bridging-Header.h";
				SWIFT_VERSION = 5.0;
				TARGETED_DEVICE_FAMILY = "1,2";
			};
			name = Release;
		};
		63BA7E50291AC420003EE72C /* Debug */ = {
			isa = XCBuildConfiguration;
			buildSettings = {
				ALWAYS_EMBED_SWIFT_STANDARD_LIBRARIES = YES;
				BUNDLE_LOADER = "$(TEST_HOST)";
				CODE_SIGN_STYLE = Automatic;
				CURRENT_PROJECT_VERSION = 1;
				DEVELOPMENT_TEAM = L275C5HPVC;
				GENERATE_INFOPLIST_FILE = YES;
				IPHONEOS_DEPLOYMENT_TARGET = 16.1;
				MARKETING_VERSION = 1.0;
				PRODUCT_BUNDLE_IDENTIFIER = wertr.com.MovieAppTests;
				PRODUCT_NAME = "$(TARGET_NAME)";
				SWIFT_EMIT_LOC_STRINGS = NO;
				SWIFT_VERSION = 5.0;
				TARGETED_DEVICE_FAMILY = "1,2";
				TEST_HOST = "$(BUILT_PRODUCTS_DIR)/MovieApp.app/$(BUNDLE_EXECUTABLE_FOLDER_PATH)/MovieApp";
			};
			name = Debug;
		};
		63BA7E51291AC420003EE72C /* Release */ = {
			isa = XCBuildConfiguration;
			buildSettings = {
				ALWAYS_EMBED_SWIFT_STANDARD_LIBRARIES = YES;
				BUNDLE_LOADER = "$(TEST_HOST)";
				CODE_SIGN_STYLE = Automatic;
				CURRENT_PROJECT_VERSION = 1;
				DEVELOPMENT_TEAM = L275C5HPVC;
				GENERATE_INFOPLIST_FILE = YES;
				IPHONEOS_DEPLOYMENT_TARGET = 16.1;
				MARKETING_VERSION = 1.0;
				PRODUCT_BUNDLE_IDENTIFIER = wertr.com.MovieAppTests;
				PRODUCT_NAME = "$(TARGET_NAME)";
				SWIFT_EMIT_LOC_STRINGS = NO;
				SWIFT_VERSION = 5.0;
				TARGETED_DEVICE_FAMILY = "1,2";
				TEST_HOST = "$(BUILT_PRODUCTS_DIR)/MovieApp.app/$(BUNDLE_EXECUTABLE_FOLDER_PATH)/MovieApp";
			};
			name = Release;
		};
		63BA7E53291AC420003EE72C /* Debug */ = {
			isa = XCBuildConfiguration;
			buildSettings = {
				ALWAYS_EMBED_SWIFT_STANDARD_LIBRARIES = YES;
				CODE_SIGN_STYLE = Automatic;
				CURRENT_PROJECT_VERSION = 1;
				DEVELOPMENT_TEAM = L275C5HPVC;
				GENERATE_INFOPLIST_FILE = YES;
				MARKETING_VERSION = 1.0;
				PRODUCT_BUNDLE_IDENTIFIER = wertr.com.MovieAppUITests;
				PRODUCT_NAME = "$(TARGET_NAME)";
				SWIFT_EMIT_LOC_STRINGS = NO;
				SWIFT_VERSION = 5.0;
				TARGETED_DEVICE_FAMILY = "1,2";
				TEST_TARGET_NAME = MovieApp;
			};
			name = Debug;
		};
		63BA7E54291AC420003EE72C /* Release */ = {
			isa = XCBuildConfiguration;
			buildSettings = {
				ALWAYS_EMBED_SWIFT_STANDARD_LIBRARIES = YES;
				CODE_SIGN_STYLE = Automatic;
				CURRENT_PROJECT_VERSION = 1;
				DEVELOPMENT_TEAM = L275C5HPVC;
				GENERATE_INFOPLIST_FILE = YES;
				MARKETING_VERSION = 1.0;
				PRODUCT_BUNDLE_IDENTIFIER = wertr.com.MovieAppUITests;
				PRODUCT_NAME = "$(TARGET_NAME)";
				SWIFT_EMIT_LOC_STRINGS = NO;
				SWIFT_VERSION = 5.0;
				TARGETED_DEVICE_FAMILY = "1,2";
				TEST_TARGET_NAME = MovieApp;
			};
			name = Release;
		};
/* End XCBuildConfiguration section */

/* Begin XCConfigurationList section */
		63BA7E1D291AC41F003EE72C /* Build configuration list for PBXProject "MovieApp" */ = {
			isa = XCConfigurationList;
			buildConfigurations = (
				63BA7E4A291AC420003EE72C /* Debug */,
				63BA7E4B291AC420003EE72C /* Release */,
			);
			defaultConfigurationIsVisible = 0;
			defaultConfigurationName = Release;
		};
		63BA7E4C291AC420003EE72C /* Build configuration list for PBXNativeTarget "MovieApp" */ = {
			isa = XCConfigurationList;
			buildConfigurations = (
				63BA7E4D291AC420003EE72C /* Debug */,
				63BA7E4E291AC420003EE72C /* Release */,
			);
			defaultConfigurationIsVisible = 0;
			defaultConfigurationName = Release;
		};
		63BA7E4F291AC420003EE72C /* Build configuration list for PBXNativeTarget "MovieAppTests" */ = {
			isa = XCConfigurationList;
			buildConfigurations = (
				63BA7E50291AC420003EE72C /* Debug */,
				63BA7E51291AC420003EE72C /* Release */,
			);
			defaultConfigurationIsVisible = 0;
			defaultConfigurationName = Release;
		};
		63BA7E52291AC420003EE72C /* Build configuration list for PBXNativeTarget "MovieAppUITests" */ = {
			isa = XCConfigurationList;
			buildConfigurations = (
				63BA7E53291AC420003EE72C /* Debug */,
				63BA7E54291AC420003EE72C /* Release */,
			);
			defaultConfigurationIsVisible = 0;
			defaultConfigurationName = Release;
		};
/* End XCConfigurationList section */
	};
	rootObject = 63BA7E1A291AC41F003EE72C /* Project object */;
}
